PODS:
  - MaterialComponents/AnimationTiming (124.2.0)
  - MaterialComponents/Availability (124.2.0)
  - MaterialComponents/private/Color (124.2.0):
    - MaterialComponents/Availability
  - MaterialComponents/private/Math (124.2.0)
  - MaterialComponents/Ripple (124.2.0):
    - MaterialComponents/AnimationTiming
    - MaterialComponents/Availability
    - MaterialComponents/private/Color
    - MaterialComponents/private/Math
  - "MaterialComponents/Tabs+TabBarView (124.2.0)":
    - MaterialComponents/AnimationTiming
    - MaterialComponents/private/Math
    - MaterialComponents/Ripple
    - MDFInternationalization
  - MDFInternationalization (3.0.0)
  - Realm (10.19.0):
    - Realm/Headers (= 10.19.0)
  - Realm/Headers (10.19.0)
  - RealmSwift (10.19.0):
    - Realm (= 10.19.0)
  - SwiftCBOR (0.4.4)

DEPENDENCIES:
  - "MaterialComponents/Tabs+TabBarView (= 124.2.0)"
  - RealmSwift (= 10.19.0)
  - SwiftCBOR (= 0.4.4)

SPEC REPOS:
  trunk:
    - MaterialComponents
    - MDFInternationalization
    - Realm
    - RealmSwift
    - SwiftCBOR

SPEC CHECKSUMS:
  MaterialComponents: 1a9b2d9d45b1601ae544de85089adc4c464306d4
  MDFInternationalization: d697c55307816222a55685c4ccb1044ffb030c12
  Realm: 869ab2a7e3bdfa6bf06d8723251539f504e6f602
  RealmSwift: f1f51c4a02fe826e5cea623b5441992f06bdc942
  SwiftCBOR: ce5354ec8b660da2d6fc754462881119dbe1f963

PODFILE CHECKSUM: 0a2adcd7d5eb6120b4b5a84778f2f8491f75c42e

COCOAPODS: 1.11.3
